// !$*UTF8*$!
{
	archiveVersion = 1;
	classes = {
	};
	objectVersion = 77;
	objects = {

/* Begin PBXBuildFile section */
		CA704BEC2D85F0030085EF01 /* CodableCSV in Frameworks */ = {isa = PBXBuildFile; productRef = CA704BEB2D85F0030085EF01 /* CodableCSV */; };
/* End PBXBuildFile section */

/* Begin PBXContainerItemProxy section */
		CA704B8C2D85E46D0085EF01 /* PBXContainerItemProxy */ = {
			isa = PBXContainerItemProxy;
			containerPortal = CA704B732D85E46A0085EF01 /* Project object */;
			proxyType = 1;
			remoteGlobalIDString = CA704B7A2D85E46A0085EF01;
			remoteInfo = RVU;
		};
		CA704B962D85E46D0085EF01 /* PBXContainerItemProxy */ = {
			isa = PBXContainerItemProxy;
			containerPortal = CA704B732D85E46A0085EF01 /* Project object */;
			proxyType = 1;
			remoteGlobalIDString = CA704B7A2D85E46A0085EF01;
			remoteInfo = RVU;
		};
/* End PBXContainerItemProxy section */

/* Begin PBXFileReference section */
		CA704B7B2D85E46A0085EF01 /* RVU.app */ = {isa = PBXFileReference; explicitFileType = wrapper.application; includeInIndex = 0; path = RVU.app; sourceTree = BUILT_PRODUCTS_DIR; };
		CA704B8B2D85E46D0085EF01 /* RVUTests.xctest */ = {isa = PBXFileReference; explicitFileType = wrapper.cfbundle; includeInIndex = 0; path = RVUTests.xctest; sourceTree = BUILT_PRODUCTS_DIR; };
		CA704B952D85E46D0085EF01 /* RVUUITests.xctest */ = {isa = PBXFileReference; explicitFileType = wrapper.cfbundle; includeInIndex = 0; path = RVUUITests.xctest; sourceTree = BUILT_PRODUCTS_DIR; };
/* End PBXFileReference section */

/* Begin PBXFileSystemSynchronizedRootGroup section */
		CA704B7D2D85E46A0085EF01 /* RVU */ = {
			isa = PBXFileSystemSynchronizedRootGroup;
			path = RVU;
			sourceTree = "<group>";
		};
		CA704B8E2D85E46D0085EF01 /* RVUTests */ = {
			isa = PBXFileSystemSynchronizedRootGroup;
			path = RVUTests;
			sourceTree = "<group>";
		};
		CA704B982D85E46D0085EF01 /* RVUUITests */ = {
			isa = PBXFileSystemSynchronizedRootGroup;
			path = RVUUITests;
			sourceTree = "<group>";
		};
/* End PBXFileSystemSynchronizedRootGroup section */

/* Begin PBXFrameworksBuildPhase section */
		CA704B782D85E46A0085EF01 /* Frameworks */ = {
			isa = PBXFrameworksBuildPhase;
			buildActionMask = 2147483647;
			files = (
				CA704BEC2D85F0030085EF01 /* CodableCSV in Frameworks */,
			);
			runOnlyForDeploymentPostprocessing = 0;
		};
		CA704B882D85E46D0085EF01 /* Frameworks */ = {
			isa = PBXFrameworksBuildPhase;
			buildActionMask = 2147483647;
			files = (
			);
			runOnlyForDeploymentPostprocessing = 0;
		};
		CA704B922D85E46D0085EF01 /* Frameworks */ = {
			isa = PBXFrameworksBuildPhase;
			buildActionMask = 2147483647;
			files = (
			);
			runOnlyForDeploymentPostprocessing = 0;
		};
/* End PBXFrameworksBuildPhase section */

/* Begin PBXGroup section */
		CA704B722D85E46A0085EF01 = {
			isa = PBXGroup;
			children = (
				CA704B7D2D85E46A0085EF01 /* RVU */,
				CA704B8E2D85E46D0085EF01 /* RVUTests */,
				CA704B982D85E46D0085EF01 /* RVUUITests */,
				CA704B7C2D85E46A0085EF01 /* Products */,
			);
			sourceTree = "<group>";
		};
		CA704B7C2D85E46A0085EF01 /* Products */ = {
			isa = PBXGroup;
			children = (
				CA704B7B2D85E46A0085EF01 /* RVU.app */,
				CA704B8B2D85E46D0085EF01 /* RVUTests.xctest */,
				CA704B952D85E46D0085EF01 /* RVUUITests.xctest */,
			);
			name = Products;
			sourceTree = "<group>";
		};
/* End PBXGroup section */

/* Begin PBXNativeTarget section */
		CA704B7A2D85E46A0085EF01 /* RVU */ = {
			isa = PBXNativeTarget;
			buildConfigurationList = CA704B9F2D85E46D0085EF01 /* Build configuration list for PBXNativeTarget "RVU" */;
			buildPhases = (
				CA704B772D85E46A0085EF01 /* Sources */,
				CA704B782D85E46A0085EF01 /* Frameworks */,
				CA704B792D85E46A0085EF01 /* Resources */,
			);
			buildRules = (
			);
			dependencies = (
			);
			fileSystemSynchronizedGroups = (
				CA704B7D2D85E46A0085EF01 /* RVU */,
			);
			name = RVU;
			packageProductDependencies = (
				CA704BEB2D85F0030085EF01 /* CodableCSV */,
			);
			productName = RVU;
			productReference = CA704B7B2D85E46A0085EF01 /* RVU.app */;
			productType = "com.apple.product-type.application";
		};
		CA704B8A2D85E46D0085EF01 /* RVUTests */ = {
			isa = PBXNativeTarget;
			buildConfigurationList = CA704BA22D85E46D0085EF01 /* Build configuration list for PBXNativeTarget "RVUTests" */;
			buildPhases = (
				CA704B872D85E46D0085EF01 /* Sources */,
				CA704B882D85E46D0085EF01 /* Frameworks */,
				CA704B892D85E46D0085EF01 /* Resources */,
			);
			buildRules = (
			);
			dependencies = (
				CA704B8D2D85E46D0085EF01 /* PBXTargetDependency */,
			);
			fileSystemSynchronizedGroups = (
				CA704B8E2D85E46D0085EF01 /* RVUTests */,
			);
			name = RVUTests;
			packageProductDependencies = (
			);
			productName = RVUTests;
			productReference = CA704B8B2D85E46D0085EF01 /* RVUTests.xctest */;
			productType = "com.apple.product-type.bundle.unit-test";
		};
		CA704B942D85E46D0085EF01 /* RVUUITests */ = {
			isa = PBXNativeTarget;
			buildConfigurationList = CA704BA52D85E46D0085EF01 /* Build configuration list for PBXNativeTarget "RVUUITests" */;
			buildPhases = (
				CA704B912D85E46D0085EF01 /* Sources */,
				CA704B922D85E46D0085EF01 /* Frameworks */,
				CA704B932D85E46D0085EF01 /* Resources */,
			);
			buildRules = (
			);
			dependencies = (
				CA704B972D85E46D0085EF01 /* PBXTargetDependency */,
			);
			fileSystemSynchronizedGroups = (
				CA704B982D85E46D0085EF01 /* RVUUITests */,
			);
			name = RVUUITests;
			packageProductDependencies = (
			);
			productName = RVUUITests;
			productReference = CA704B952D85E46D0085EF01 /* RVUUITests.xctest */;
			productType = "com.apple.product-type.bundle.ui-testing";
		};
/* End PBXNativeTarget section */

/* Begin PBXProject section */
		CA704B732D85E46A0085EF01 /* Project object */ = {
			isa = PBXProject;
			attributes = {
				BuildIndependentTargetsInParallel = 1;
				LastSwiftUpdateCheck = 1620;
				LastUpgradeCheck = 1620;
				TargetAttributes = {
					CA704B7A2D85E46A0085EF01 = {
						CreatedOnToolsVersion = 16.2;
					};
					CA704B8A2D85E46D0085EF01 = {
						CreatedOnToolsVersion = 16.2;
						TestTargetID = CA704B7A2D85E46A0085EF01;
					};
					CA704B942D85E46D0085EF01 = {
						CreatedOnToolsVersion = 16.2;
						TestTargetID = CA704B7A2D85E46A0085EF01;
					};
				};
			};
			buildConfigurationList = CA704B762D85E46A0085EF01 /* Build configuration list for PBXProject "RVU" */;
			developmentRegion = en;
			hasScannedForEncodings = 0;
			knownRegions = (
				en,
				Base,
			);
			mainGroup = CA704B722D85E46A0085EF01;
			minimizedProjectReferenceProxies = 1;
			packageReferences = (
				CA704BEA2D85F0030085EF01 /* XCRemoteSwiftPackageReference "CodableCSV" */,
			);
			preferredProjectObjectVersion = 77;
			productRefGroup = CA704B7C2D85E46A0085EF01 /* Products */;
			projectDirPath = "";
			projectRoot = "";
			targets = (
				CA704B7A2D85E46A0085EF01 /* RVU */,
				CA704B8A2D85E46D0085EF01 /* RVUTests */,
				CA704B942D85E46D0085EF01 /* RVUUITests */,
			);
		};
/* End PBXProject section */

/* Begin PBXResourcesBuildPhase section */
		CA704B792D85E46A0085EF01 /* Resources */ = {
			isa = PBXResourcesBuildPhase;
			buildActionMask = 2147483647;
			files = (
			);
			runOnlyForDeploymentPostprocessing = 0;
		};
		CA704B892D85E46D0085EF01 /* Resources */ = {
			isa = PBXResourcesBuildPhase;
			buildActionMask = 2147483647;
			files = (
			);
			runOnlyForDeploymentPostprocessing = 0;
		};
		CA704B932D85E46D0085EF01 /* Resources */ = {
			isa = PBXResourcesBuildPhase;
			buildActionMask = 2147483647;
			files = (
			);
			runOnlyForDeploymentPostprocessing = 0;
		};
/* End PBXResourcesBuildPhase section */

/* Begin PBXSourcesBuildPhase section */
		CA704B772D85E46A0085EF01 /* Sources */ = {
			isa = PBXSourcesBuildPhase;
			buildActionMask = 2147483647;
			files = (
			);
			runOnlyForDeploymentPostprocessing = 0;
		};
		CA704B872D85E46D0085EF01 /* Sources */ = {
			isa = PBXSourcesBuildPhase;
			buildActionMask = 2147483647;
			files = (
			);
			runOnlyForDeploymentPostprocessing = 0;
		};
		CA704B912D85E46D0085EF01 /* Sources */ = {
			isa = PBXSourcesBuildPhase;
			buildActionMask = 2147483647;
			files = (
			);
			runOnlyForDeploymentPostprocessing = 0;
		};
/* End PBXSourcesBuildPhase section */

/* Begin PBXTargetDependency section */
		CA704B8D2D85E46D0085EF01 /* PBXTargetDependency */ = {
			isa = PBXTargetDependency;
			target = CA704B7A2D85E46A0085EF01 /* RVU */;
			targetProxy = CA704B8C2D85E46D0085EF01 /* PBXContainerItemProxy */;
		};
		CA704B972D85E46D0085EF01 /* PBXTargetDependency */ = {
			isa = PBXTargetDependency;
			target = CA704B7A2D85E46A0085EF01 /* RVU */;
			targetProxy = CA704B962D85E46D0085EF01 /* PBXContainerItemProxy */;
		};
/* End PBXTargetDependency section */

/* Begin XCBuildConfiguration section */
		CA704B9D2D85E46D0085EF01 /* Debug */ = {
			isa = XCBuildConfiguration;
			buildSettings = {
				ALWAYS_SEARCH_USER_PATHS = NO;
				ASSETCATALOG_COMPILER_GENERATE_SWIFT_ASSET_SYMBOL_EXTENSIONS = YES;
				CLANG_ANALYZER_NONNULL = YES;
				CLANG_ANALYZER_NUMBER_OBJECT_CONVERSION = YES_AGGRESSIVE;
				CLANG_CXX_LANGUAGE_STANDARD = "gnu++20";
				CLANG_ENABLE_MODULES = YES;
				CLANG_ENABLE_OBJC_ARC = YES;
				CLANG_ENABLE_OBJC_WEAK = YES;
				CLANG_WARN_BLOCK_CAPTURE_AUTORELEASING = YES;
				CLANG_WARN_BOOL_CONVERSION = YES;
				CLANG_WARN_COMMA = YES;
				CLANG_WARN_CONSTANT_CONVERSION = YES;
				CLANG_WARN_DEPRECATED_OBJC_IMPLEMENTATIONS = YES;
				CLANG_WARN_DIRECT_OBJC_ISA_USAGE = YES_ERROR;
				CLANG_WARN_DOCUMENTATION_COMMENTS = YES;
				CLANG_WARN_EMPTY_BODY = YES;
				CLANG_WARN_ENUM_CONVERSION = YES;
				CLANG_WARN_INFINITE_RECURSION = YES;
				CLANG_WARN_INT_CONVERSION = YES;
				CLANG_WARN_NON_LITERAL_NULL_CONVERSION = YES;
				CLANG_WARN_OBJC_IMPLICIT_RETAIN_SELF = YES;
				CLANG_WARN_OBJC_LITERAL_CONVERSION = YES;
				CLANG_WARN_OBJC_ROOT_CLASS = YES_ERROR;
				CLANG_WARN_QUOTED_INCLUDE_IN_FRAMEWORK_HEADER = YES;
				CLANG_WARN_RANGE_LOOP_ANALYSIS = YES;
				CLANG_WARN_STRICT_PROTOTYPES = YES;
				CLANG_WARN_SUSPICIOUS_MOVE = YES;
				CLANG_WARN_UNGUARDED_AVAILABILITY = YES_AGGRESSIVE;
				CLANG_WARN_UNREACHABLE_CODE = YES;
				CLANG_WARN__DUPLICATE_METHOD_MATCH = YES;
				COPY_PHASE_STRIP = NO;
				DEBUG_INFORMATION_FORMAT = dwarf;
				ENABLE_STRICT_OBJC_MSGSEND = YES;
				ENABLE_TESTABILITY = YES;
				ENABLE_USER_SCRIPT_SANDBOXING = YES;
				GCC_C_LANGUAGE_STANDARD = gnu17;
				GCC_DYNAMIC_NO_PIC = NO;
				GCC_NO_COMMON_BLOCKS = YES;
				GCC_OPTIMIZATION_LEVEL = 0;
				GCC_PREPROCESSOR_DEFINITIONS = (
					"DEBUG=1",
					"$(inherited)",
				);
				GCC_WARN_64_TO_32_BIT_CONVERSION = YES;
				GCC_WARN_ABOUT_RETURN_TYPE = YES_ERROR;
				GCC_WARN_UNDECLARED_SELECTOR = YES;
				GCC_WARN_UNINITIALIZED_AUTOS = YES_AGGRESSIVE;
				GCC_WARN_UNUSED_FUNCTION = YES;
				GCC_WARN_UNUSED_VARIABLE = YES;
				IPHONEOS_DEPLOYMENT_TARGET = 18.2;
				LOCALIZATION_PREFERS_STRING_CATALOGS = YES;
				MTL_ENABLE_DEBUG_INFO = INCLUDE_SOURCE;
				MTL_FAST_MATH = YES;
				ONLY_ACTIVE_ARCH = YES;
				SDKROOT = iphoneos;
				SWIFT_ACTIVE_COMPILATION_CONDITIONS = "DEBUG $(inherited)";
				SWIFT_OPTIMIZATION_LEVEL = "-Onone";
			};
			name = Debug;
		};
		CA704B9E2D85E46D0085EF01 /* Release */ = {
			isa = XCBuildConfiguration;
			buildSettings = {
				ALWAYS_SEARCH_USER_PATHS = NO;
				ASSETCATALOG_COMPILER_GENERATE_SWIFT_ASSET_SYMBOL_EXTENSIONS = YES;
				CLANG_ANALYZER_NONNULL = YES;
				CLANG_ANALYZER_NUMBER_OBJECT_CONVERSION = YES_AGGRESSIVE;
				CLANG_CXX_LANGUAGE_STANDARD = "gnu++20";
				CLANG_ENABLE_MODULES = YES;
				CLANG_ENABLE_OBJC_ARC = YES;
				CLANG_ENABLE_OBJC_WEAK = YES;
				CLANG_WARN_BLOCK_CAPTURE_AUTORELEASING = YES;
				CLANG_WARN_BOOL_CONVERSION = YES;
				CLANG_WARN_COMMA = YES;
				CLANG_WARN_CONSTANT_CONVERSION = YES;
				CLANG_WARN_DEPRECATED_OBJC_IMPLEMENTATIONS = YES;
				CLANG_WARN_DIRECT_OBJC_ISA_USAGE = YES_ERROR;
				CLANG_WARN_DOCUMENTATION_COMMENTS = YES;
				CLANG_WARN_EMPTY_BODY = YES;
				CLANG_WARN_ENUM_CONVERSION = YES;
				CLANG_WARN_INFINITE_RECURSION = YES;
				CLANG_WARN_INT_CONVERSION = YES;
				CLANG_WARN_NON_LITERAL_NULL_CONVERSION = YES;
				CLANG_WARN_OBJC_IMPLICIT_RETAIN_SELF = YES;
				CLANG_WARN_OBJC_LITERAL_CONVERSION = YES;
				CLANG_WARN_OBJC_ROOT_CLASS = YES_ERROR;
				CLANG_WARN_QUOTED_INCLUDE_IN_FRAMEWORK_HEADER = YES;
				CLANG_WARN_RANGE_LOOP_ANALYSIS = YES;
				CLANG_WARN_STRICT_PROTOTYPES = YES;
				CLANG_WARN_SUSPICIOUS_MOVE = YES;
				CLANG_WARN_UNGUARDED_AVAILABILITY = YES_AGGRESSIVE;
				CLANG_WARN_UNREACHABLE_CODE = YES;
				CLANG_WARN__DUPLICATE_METHOD_MATCH = YES;
				COPY_PHASE_STRIP = NO;
				DEBUG_INFORMATION_FORMAT = "dwarf-with-dsym";
				ENABLE_NS_ASSERTIONS = NO;
				ENABLE_STRICT_OBJC_MSGSEND = YES;
				ENABLE_USER_SCRIPT_SANDBOXING = YES;
				GCC_C_LANGUAGE_STANDARD = gnu17;
				GCC_NO_COMMON_BLOCKS = YES;
				GCC_WARN_64_TO_32_BIT_CONVERSION = YES;
				GCC_WARN_ABOUT_RETURN_TYPE = YES_ERROR;
				GCC_WARN_UNDECLARED_SELECTOR = YES;
				GCC_WARN_UNINITIALIZED_AUTOS = YES_AGGRESSIVE;
				GCC_WARN_UNUSED_FUNCTION = YES;
				GCC_WARN_UNUSED_VARIABLE = YES;
				IPHONEOS_DEPLOYMENT_TARGET = 18.2;
				LOCALIZATION_PREFERS_STRING_CATALOGS = YES;
				MTL_ENABLE_DEBUG_INFO = NO;
				MTL_FAST_MATH = YES;
				SDKROOT = iphoneos;
				SWIFT_COMPILATION_MODE = wholemodule;
				VALIDATE_PRODUCT = YES;
			};
			name = Release;
		};
		CA704BA02D85E46D0085EF01 /* Debug */ = {
			isa = XCBuildConfiguration;
			buildSettings = {
				ASSETCATALOG_COMPILER_APPICON_NAME = AppIcon;
				ASSETCATALOG_COMPILER_GLOBAL_ACCENT_COLOR_NAME = AccentColor;
				CODE_SIGN_STYLE = Automatic;
				CURRENT_PROJECT_VERSION = 1;
				DEVELOPMENT_ASSET_PATHS = "\"RVU/Preview Content\"";
				DEVELOPMENT_TEAM = 83Z22V6XMU;
				ENABLE_PREVIEWS = YES;
				GENERATE_INFOPLIST_FILE = YES;
				INFOPLIST_KEY_UIApplicationSceneManifest_Generation = YES;
				INFOPLIST_KEY_UIApplicationSupportsIndirectInputEvents = YES;
				INFOPLIST_KEY_UILaunchScreen_Generation = YES;
				INFOPLIST_KEY_UISupportedInterfaceOrientations_iPad = "UIInterfaceOrientationPortrait UIInterfaceOrientationPortraitUpsideDown UIInterfaceOrientationLandscapeLeft UIInterfaceOrientationLandscapeRight";
				INFOPLIST_KEY_UISupportedInterfaceOrientations_iPhone = "UIInterfaceOrientationPortrait UIInterfaceOrientationLandscapeLeft UIInterfaceOrientationLandscapeRight";
				LD_RUNPATH_SEARCH_PATHS = (
					"$(inherited)",
					"@executable_path/Frameworks",
				);
				MARKETING_VERSION = 1.0;
				PRODUCT_BUNDLE_IDENTIFIER = com.conner.yoon.RVU;
				PRODUCT_NAME = "$(TARGET_NAME)";
				SWIFT_EMIT_LOC_STRINGS = YES;
				SWIFT_VERSION = 5.0;
				TARGETED_DEVICE_FAMILY = "1,2";
			};
			name = Debug;
		};
		CA704BA12D85E46D0085EF01 /* Release */ = {
			isa = XCBuildConfiguration;
			buildSettings = {
				ASSETCATALOG_COMPILER_APPICON_NAME = AppIcon;
				ASSETCATALOG_COMPILER_GLOBAL_ACCENT_COLOR_NAME = AccentColor;
				CODE_SIGN_STYLE = Automatic;
				CURRENT_PROJECT_VERSION = 1;
				DEVELOPMENT_ASSET_PATHS = "\"RVU/Preview Content\"";
				DEVELOPMENT_TEAM = 83Z22V6XMU;
				ENABLE_PREVIEWS = YES;
				GENERATE_INFOPLIST_FILE = YES;
				INFOPLIST_KEY_UIApplicationSceneManifest_Generation = YES;
				INFOPLIST_KEY_UIApplicationSupportsIndirectInputEvents = YES;
				INFOPLIST_KEY_UILaunchScreen_Generation = YES;
				INFOPLIST_KEY_UISupportedInterfaceOrientations_iPad = "UIInterfaceOrientationPortrait UIInterfaceOrientationPortraitUpsideDown UIInterfaceOrientationLandscapeLeft UIInterfaceOrientationLandscapeRight";
				INFOPLIST_KEY_UISupportedInterfaceOrientations_iPhone = "UIInterfaceOrientationPortrait UIInterfaceOrientationLandscapeLeft UIInterfaceOrientationLandscapeRight";
				LD_RUNPATH_SEARCH_PATHS = (
					"$(inherited)",
					"@executable_path/Frameworks",
				);
				MARKETING_VERSION = 1.0;
				PRODUCT_BUNDLE_IDENTIFIER = com.conner.yoon.RVU;
				PRODUCT_NAME = "$(TARGET_NAME)";
				SWIFT_EMIT_LOC_STRINGS = YES;
				SWIFT_VERSION = 5.0;
				TARGETED_DEVICE_FAMILY = "1,2";
			};
			name = Release;
		};
		CA704BA32D85E46D0085EF01 /* Debug */ = {
			isa = XCBuildConfiguration;
			buildSettings = {
				BUNDLE_LOADER = "$(TEST_HOST)";
				CODE_SIGN_STYLE = Automatic;
				CURRENT_PROJECT_VERSION = 1;
				DEVELOPMENT_TEAM = 83Z22V6XMU;
				GENERATE_INFOPLIST_FILE = YES;
				IPHONEOS_DEPLOYMENT_TARGET = 18.2;
				MARKETING_VERSION = 1.0;
				PRODUCT_BUNDLE_IDENTIFIER = com.conner.yoon.RVUTests;
				PRODUCT_NAME = "$(TARGET_NAME)";
				SWIFT_EMIT_LOC_STRINGS = NO;
				SWIFT_VERSION = 5.0;
				TARGETED_DEVICE_FAMILY = "1,2";
				TEST_HOST = "$(BUILT_PRODUCTS_DIR)/RVU.app/$(BUNDLE_EXECUTABLE_FOLDER_PATH)/RVU";
			};
			name = Debug;
		};
		CA704BA42D85E46D0085EF01 /* Release */ = {
			isa = XCBuildConfiguration;
			buildSettings = {
				BUNDLE_LOADER = "$(TEST_HOST)";
				CODE_SIGN_STYLE = Automatic;
				CURRENT_PROJECT_VERSION = 1;
				DEVELOPMENT_TEAM = 83Z22V6XMU;
				GENERATE_INFOPLIST_FILE = YES;
				IPHONEOS_DEPLOYMENT_TARGET = 18.2;
				MARKETING_VERSION = 1.0;
				PRODUCT_BUNDLE_IDENTIFIER = com.conner.yoon.RVUTests;
				PRODUCT_NAME = "$(TARGET_NAME)";
				SWIFT_EMIT_LOC_STRINGS = NO;
				SWIFT_VERSION = 5.0;
				TARGETED_DEVICE_FAMILY = "1,2";
				TEST_HOST = "$(BUILT_PRODUCTS_DIR)/RVU.app/$(BUNDLE_EXECUTABLE_FOLDER_PATH)/RVU";
			};
			name = Release;
		};
		CA704BA62D85E46D0085EF01 /* Debug */ = {
			isa = XCBuildConfiguration;
			buildSettings = {
				CODE_SIGN_STYLE = Automatic;
				CURRENT_PROJECT_VERSION = 1;
				DEVELOPMENT_TEAM = 83Z22V6XMU;
				GENERATE_INFOPLIST_FILE = YES;
				MARKETING_VERSION = 1.0;
				PRODUCT_BUNDLE_IDENTIFIER = com.conner.yoon.RVUUITests;
				PRODUCT_NAME = "$(TARGET_NAME)";
				SWIFT_EMIT_LOC_STRINGS = NO;
				SWIFT_VERSION = 5.0;
				TARGETED_DEVICE_FAMILY = "1,2";
				TEST_TARGET_NAME = RVU;
			};
			name = Debug;
		};
		CA704BA72D85E46D0085EF01 /* Release */ = {
			isa = XCBuildConfiguration;
			buildSettings = {
				CODE_SIGN_STYLE = Automatic;
				CURRENT_PROJECT_VERSION = 1;
				DEVELOPMENT_TEAM = 83Z22V6XMU;
				GENERATE_INFOPLIST_FILE = YES;
				MARKETING_VERSION = 1.0;
				PRODUCT_BUNDLE_IDENTIFIER = com.conner.yoon.RVUUITests;
				PRODUCT_NAME = "$(TARGET_NAME)";
				SWIFT_EMIT_LOC_STRINGS = NO;
				SWIFT_VERSION = 5.0;
				TARGETED_DEVICE_FAMILY = "1,2";
				TEST_TARGET_NAME = RVU;
			};
			name = Release;
		};
/* End XCBuildConfiguration section */

/* Begin XCConfigurationList section */
		CA704B762D85E46A0085EF01 /* Build configuration list for PBXProject "RVU" */ = {
			isa = XCConfigurationList;
			buildConfigurations = (
				CA704B9D2D85E46D0085EF01 /* Debug */,
				CA704B9E2D85E46D0085EF01 /* Release */,
			);
			defaultConfigurationIsVisible = 0;
			defaultConfigurationName = Release;
		};
		CA704B9F2D85E46D0085EF01 /* Build configuration list for PBXNativeTarget "RVU" */ = {
			isa = XCConfigurationList;
			buildConfigurations = (
				CA704BA02D85E46D0085EF01 /* Debug */,
				CA704BA12D85E46D0085EF01 /* Release */,
			);
			defaultConfigurationIsVisible = 0;
			defaultConfigurationName = Release;
		};
		CA704BA22D85E46D0085EF01 /* Build configuration list for PBXNativeTarget "RVUTests" */ = {
			isa = XCConfigurationList;
			buildConfigurations = (
				CA704BA32D85E46D0085EF01 /* Debug */,
				CA704BA42D85E46D0085EF01 /* Release */,
			);
			defaultConfigurationIsVisible = 0;
			defaultConfigurationName = Release;
		};
		CA704BA52D85E46D0085EF01 /* Build configuration list for PBXNativeTarget "RVUUITests" */ = {
			isa = XCConfigurationList;
			buildConfigurations = (
				CA704BA62D85E46D0085EF01 /* Debug */,
				CA704BA72D85E46D0085EF01 /* Release */,
			);
			defaultConfigurationIsVisible = 0;
			defaultConfigurationName = Release;
		};
/* End XCConfigurationList section */

/* Begin XCRemoteSwiftPackageReference section */
		CA704BEA2D85F0030085EF01 /* XCRemoteSwiftPackageReference "CodableCSV" */ = {
			isa = XCRemoteSwiftPackageReference;
			repositoryURL = "https://github.com/dehesa/CodableCSV";
			requirement = {
				kind = upToNextMajorVersion;
				minimumVersion = 0.6.7;
			};
		};
/* End XCRemoteSwiftPackageReference section */

/* Begin XCSwiftPackageProductDependency section */
		CA704BEB2D85F0030085EF01 /* CodableCSV */ = {
			isa = XCSwiftPackageProductDependency;
			package = CA704BEA2D85F0030085EF01 /* XCRemoteSwiftPackageReference "CodableCSV" */;
			productName = CodableCSV;
		};
/* End XCSwiftPackageProductDependency section */
	};
	rootObject = CA704B732D85E46A0085EF01 /* Project object */;
}
